Microsoft Visual Studio Solution File, Format Version 12.00
# Visual Studio Version 17
VisualStudioVersion = 17.3.32811.315
MinimumVisualStudioVersion = 10.0.40219.1
Project("{13B669BE-BB05-4DDF-9536-439F39A36129}") = "Buildsystem", "src\Buildsystem.msbuildproj", "{85D71FB3-88F5-4C0F-AFE1-96AA424D1EC7}"
EndProject
Project("{54A90642-561A-4BB1-A94E-469ADEE60C69}") = "modaptovc.Client", "src\modaptovc.Client\modaptovc.Client.esproj", "{B2154368-14B2-271D-8645-4FB445DA80AE}"
EndProject
Project("{FAE04EC0-301F-11D3-BF4B-00C04F79EFBC}") = "modaptovc.Server", "src\modaptovc.Server\modaptovc.Server.csproj", "{4FF69E6D-17FB-4EBC-A78D-A0508EEC7DF6}"
EndProject
Global
	GlobalSection(SolutionConfigurationPlatforms) = preSolution
		Debug|Any CPU = Debug|Any CPU
		Release|Any CPU = Release|Any CPU
	EndGlobalSection
	GlobalSection(ProjectConfigurationPlatforms) = postSolution
		{85D71FB3-88F5-4C0F-AFE1-96AA424D1EC7}.Debug|Any CPU.ActiveCfg = Debug|Any CPU
		{85D71FB3-88F5-4C0F-AFE1-96AA424D1EC7}.Release|Any CPU.ActiveCfg = Release|Any CPU
		{B2154368-14B2-271D-8645-4FB445DA80AE}.Debug|Any CPU.ActiveCfg = Debug|Any CPU
		{B2154368-14B2-271D-8645-4FB445DA80AE}.Debug|Any CPU.Build.0 = Debug|Any CPU
		{B2154368-14B2-271D-8645-4FB445DA80AE}.Debug|Any CPU.Deploy.0 = Debug|Any CPU
		{B2154368-14B2-271D-8645-4FB445DA80AE}.Release|Any CPU.ActiveCfg = Release|Any CPU
		{B2154368-14B2-271D-8645-4FB445DA80AE}.Release|Any CPU.Build.0 = Release|Any CPU
		{B2154368-14B2-271D-8645-4FB445DA80AE}.Release|Any CPU.Deploy.0 = Release|Any CPU
		{4FF69E6D-17FB-4EBC-A78D-A0508EEC7DF6}.Debug|Any CPU.ActiveCfg = Debug|Any CPU
		{4FF69E6D-17FB-4EBC-A78D-A0508EEC7DF6}.Debug|Any CPU.Build.0 = Debug|Any CPU
		{4FF69E6D-17FB-4EBC-A78D-A0508EEC7DF6}.Release|Any CPU.ActiveCfg = Release|Any CPU
		{4FF69E6D-17FB-4EBC-A78D-A0508EEC7DF6}.Release|Any CPU.Build.0 = Release|Any CPU
	EndGlobalSection
	GlobalSection(SolutionProperties) = preSolution
		HideSolutionNode = FALSE
	EndGlobalSection
	GlobalSection(ExtensibilityGlobals) = postSolution
		SolutionGuid = {706B296D-09CF-423B-9A92-9D48D6A842F8}
	EndGlobalSection
EndGlobal
